// !$*UTF8*$!
{
	archiveVersion = 1;
	classes = {
	};
	objectVersion = 56;
	objects = {

/* Begin PBXBuildFile section */
		3F38E9432A7C8C2600DEE602 /* Question_AppApp.swift in Sources */ = {isa = PBXBuildFile; fileRef = 3F38E9422A7C8C2600DEE602 /* Question_AppApp.swift */; };
		3F38E9452A7C8C2600DEE602 /* ContentView.swift in Sources */ = {isa = PBXBuildFile; fileRef = 3F38E9442A7C8C2600DEE602 /* ContentView.swift */; };
		3F38E9472A7C8C2A00DEE602 /* Assets.xcassets in Resources */ = {isa = PBXBuildFile; fileRef = 3F38E9462A7C8C2A00DEE602 /* Assets.xcassets */; };
		3F38E94A2A7C8C2A00DEE602 /* Preview Assets.xcassets in Resources */ = {isa = PBXBuildFile; fileRef = 3F38E9492A7C8C2A00DEE602 /* Preview Assets.xcassets */; };
		3F38E9542A7C8C2B00DEE602 /* Question_AppTests.swift in Sources */ = {isa = PBXBuildFile; fileRef = 3F38E9532A7C8C2B00DEE602 /* Question_AppTests.swift */; };
		3F38E95E2A7C8C2B00DEE602 /* Question_AppUITests.swift in Sources */ = {isa = PBXBuildFile; fileRef = 3F38E95D2A7C8C2B00DEE602 /* Question_AppUITests.swift */; };
		3F38E9602A7C8C2B00DEE602 /* Question_AppUITestsLaunchTests.swift in Sources */ = {isa = PBXBuildFile; fileRef = 3F38E95F2A7C8C2B00DEE602 /* Question_AppUITestsLaunchTests.swift */; };
/* End PBXBuildFile section */

/* Begin PBXContainerItemProxy section */
		3F38E9502A7C8C2B00DEE602 /* PBXContainerItemProxy */ = {
			isa = PBXContainerItemProxy;
			containerPortal = 3F38E9372A7C8C2600DEE602 /* Project object */;
			proxyType = 1;
			remoteGlobalIDString = 3F38E93E2A7C8C2600DEE602;
			remoteInfo = "Question App";
		};
		3F38E95A2A7C8C2B00DEE602 /* PBXContainerItemProxy */ = {
			isa = PBXContainerItemProxy;
			containerPortal = 3F38E9372A7C8C2600DEE602 /* Project object */;
			proxyType = 1;
			remoteGlobalIDString = 3F38E93E2A7C8C2600DEE602;
			remoteInfo = "Question App";
		};
/* End PBXContainerItemProxy section */

/* Begin PBXFileReference section */
		3F38E93F2A7C8C2600DEE602 /* Question App.app */ = {isa = PBXFileReference; explicitFileType = wrapper.application; includeInIndex = 0; path = "Question App.app"; sourceTree = BUILT_PRODUCTS_DIR; };
		3F38E9422A7C8C2600DEE602 /* Question_AppApp.swift */ = {isa = PBXFileReference; lastKnownFileType = sourcecode.swift; path = Question_AppApp.swift; sourceTree = "<group>"; };
		3F38E9442A7C8C2600DEE602 /* ContentView.swift */ = {isa = PBXFileReference; lastKnownFileType = sourcecode.swift; path = ContentView.swift; sourceTree = "<group>"; };
		3F38E9462A7C8C2A00DEE602 /* Assets.xcassets */ = {isa = PBXFileReference; lastKnownFileType = folder.assetcatalog; path = Assets.xcassets; sourceTree = "<group>"; };
		3F38E9492A7C8C2A00DEE602 /* Preview Assets.xcassets */ = {isa = PBXFileReference; lastKnownFileType = folder.assetcatalog; path = "Preview Assets.xcassets"; sourceTree = "<group>"; };
		3F38E94F2A7C8C2B00DEE602 /* Question AppTests.xctest */ = {isa = PBXFileReference; explicitFileType = wrapper.cfbundle; includeInIndex = 0; path = "Question AppTests.xctest"; sourceTree = BUILT_PRODUCTS_DIR; };
		3F38E9532A7C8C2B00DEE602 /* Question_AppTests.swift */ = {isa = PBXFileReference; lastKnownFileType = sourcecode.swift; path = Question_AppTests.swift; sourceTree = "<group>"; };
		3F38E9592A7C8C2B00DEE602 /* Question AppUITests.xctest */ = {isa = PBXFileReference; explicitFileType = wrapper.cfbundle; includeInIndex = 0; path = "Question AppUITests.xctest"; sourceTree = BUILT_PRODUCTS_DIR; };
		3F38E95D2A7C8C2B00DEE602 /* Question_AppUITests.swift */ = {isa = PBXFileReference; lastKnownFileType = sourcecode.swift; path = Question_AppUITests.swift; sourceTree = "<group>"; };
		3F38E95F2A7C8C2B00DEE602 /* Question_AppUITestsLaunchTests.swift */ = {isa = PBXFileReference; lastKnownFileType = sourcecode.swift; path = Question_AppUITestsLaunchTests.swift; sourceTree = "<group>"; };
/* End PBXFileReference section */

/* Begin PBXFrameworksBuildPhase section */
		3F38E93C2A7C8C2600DEE602 /* Frameworks */ = {
			isa = PBXFrameworksBuildPhase;
			buildActionMask = 2147483647;
			files = (
			);
			runOnlyForDeploymentPostprocessing = 0;
		};
		3F38E94C2A7C8C2B00DEE602 /* Frameworks */ = {
			isa = PBXFrameworksBuildPhase;
			buildActionMask = 2147483647;
			files = (
			);
			runOnlyForDeploymentPostprocessing = 0;
		};
		3F38E9562A7C8C2B00DEE602 /* Frameworks */ = {
			isa = PBXFrameworksBuildPhase;
			buildActionMask = 2147483647;
			files = (
			);
			runOnlyForDeploymentPostprocessing = 0;
		};
/* End PBXFrameworksBuildPhase section */

/* Begin PBXGroup section */
		3F38E9362A7C8C2600DEE602 = {
			isa = PBXGroup;
			children = (
				3F38E9412A7C8C2600DEE602 /* Question App */,
				3F38E9522A7C8C2B00DEE602 /* Question AppTests */,
				3F38E95C2A7C8C2B00DEE602 /* Question AppUITests */,
				3F38E9402A7C8C2600DEE602 /* Products */,
			);
			sourceTree = "<group>";
		};
		3F38E9402A7C8C2600DEE602 /* Products */ = {
			isa = PBXGroup;
			children = (
				3F38E93F2A7C8C2600DEE602 /* Question App.app */,
				3F38E94F2A7C8C2B00DEE602 /* Question AppTests.xctest */,
				3F38E9592A7C8C2B00DEE602 /* Question AppUITests.xctest */,
			);
			name = Products;
			sourceTree = "<group>";
		};
		3F38E9412A7C8C2600DEE602 /* Question App */ = {
			isa = PBXGroup;
			children = (
				3F38E9422A7C8C2600DEE602 /* Question_AppApp.swift */,
				3F38E9442A7C8C2600DEE602 /* ContentView.swift */,
				3F38E9462A7C8C2A00DEE602 /* Assets.xcassets */,
				3F38E9482A7C8C2A00DEE602 /* Preview Content */,
			);
			path = "Question App";
			sourceTree = "<group>";
		};
		3F38E9482A7C8C2A00DEE602 /* Preview Content */ = {
			isa = PBXGroup;
			children = (
				3F38E9492A7C8C2A00DEE602 /* Preview Assets.xcassets */,
			);
			path = "Preview Content";
			sourceTree = "<group>";
		};
		3F38E9522A7C8C2B00DEE602 /* Question AppTests */ = {
			isa = PBXGroup;
			children = (
				3F38E9532A7C8C2B00DEE602 /* Question_AppTests.swift */,
			);
			path = "Question AppTests";
			sourceTree = "<group>";
		};
		3F38E95C2A7C8C2B00DEE602 /* Question AppUITests */ = {
			isa = PBXGroup;
			children = (
				3F38E95D2A7C8C2B00DEE602 /* Question_AppUITests.swift */,
				3F38E95F2A7C8C2B00DEE602 /* Question_AppUITestsLaunchTests.swift */,
			);
			path = "Question AppUITests";
			sourceTree = "<group>";
		};
/* End PBXGroup section */

/* Begin PBXNativeTarget section */
		3F38E93E2A7C8C2600DEE602 /* Question App */ = {
			isa = PBXNativeTarget;
			buildConfigurationList = 3F38E9632A7C8C2B00DEE602 /* Build configuration list for PBXNativeTarget "Question App" */;
			buildPhases = (
				3F38E93B2A7C8C2600DEE602 /* Sources */,
				3F38E93C2A7C8C2600DEE602 /* Frameworks */,
				3F38E93D2A7C8C2600DEE602 /* Resources */,
			);
			buildRules = (
			);
			dependencies = (
			);
			name = "Question App";
			productName = "Question App";
			productReference = 3F38E93F2A7C8C2600DEE602 /* Question App.app */;
			productType = "com.apple.product-type.application";
		};
		3F38E94E2A7C8C2B00DEE602 /* Question AppTests */ = {
			isa = PBXNativeTarget;
			buildConfigurationList = 3F38E9662A7C8C2B00DEE602 /* Build configuration list for PBXNativeTarget "Question AppTests" */;
			buildPhases = (
				3F38E94B2A7C8C2B00DEE602 /* Sources */,
				3F38E94C2A7C8C2B00DEE602 /* Frameworks */,
				3F38E94D2A7C8C2B00DEE602 /* Resources */,
			);
			buildRules = (
			);
			dependencies = (
				3F38E9512A7C8C2B00DEE602 /* PBXTargetDependency */,
			);
			name = "Question AppTests";
			productName = "Question AppTests";
			productReference = 3F38E94F2A7C8C2B00DEE602 /* Question AppTests.xctest */;
			productType = "com.apple.product-type.bundle.unit-test";
		};
		3F38E9582A7C8C2B00DEE602 /* Question AppUITests */ = {
			isa = PBXNativeTarget;
			buildConfigurationList = 3F38E9692A7C8C2B00DEE602 /* Build configuration list for PBXNativeTarget "Question AppUITests" */;
			buildPhases = (
				3F38E9552A7C8C2B00DEE602 /* Sources */,
				3F38E9562A7C8C2B00DEE602 /* Frameworks */,
				3F38E9572A7C8C2B00DEE602 /* Resources */,
			);
			buildRules = (
			);
			dependencies = (
				3F38E95B2A7C8C2B00DEE602 /* PBXTargetDependency */,
			);
			name = "Question AppUITests";
			productName = "Question AppUITests";
			productReference = 3F38E9592A7C8C2B00DEE602 /* Question AppUITests.xctest */;
			productType = "com.apple.product-type.bundle.ui-testing";
		};
/* End PBXNativeTarget section */

/* Begin PBXProject section */
		3F38E9372A7C8C2600DEE602 /* Project object */ = {
			isa = PBXProject;
			attributes = {
				BuildIndependentTargetsInParallel = 1;
				LastSwiftUpdateCheck = 1430;
				LastUpgradeCheck = 1430;
				TargetAttributes = {
					3F38E93E2A7C8C2600DEE602 = {
						CreatedOnToolsVersion = 14.3.1;
					};
					3F38E94E2A7C8C2B00DEE602 = {
						CreatedOnToolsVersion = 14.3.1;
						TestTargetID = 3F38E93E2A7C8C2600DEE602;
					};
					3F38E9582A7C8C2B00DEE602 = {
						CreatedOnToolsVersion = 14.3.1;
						TestTargetID = 3F38E93E2A7C8C2600DEE602;
					};
				};
			};
			buildConfigurationList = 3F38E93A2A7C8C2600DEE602 /* Build configuration list for PBXProject "Question App" */;
			compatibilityVersion = "Xcode 14.0";
			developmentRegion = en;
			hasScannedForEncodings = 0;
			knownRegions = (
				en,
				Base,
			);
			mainGroup = 3F38E9362A7C8C2600DEE602;
			productRefGroup = 3F38E9402A7C8C2600DEE602 /* Products */;
			projectDirPath = "";
			projectRoot = "";
			targets = (
				3F38E93E2A7C8C2600DEE602 /* Question App */,
				3F38E94E2A7C8C2B00DEE602 /* Question AppTests */,
				3F38E9582A7C8C2B00DEE602 /* Question AppUITests */,
			);
		};
/* End PBXProject section */

/* Begin PBXResourcesBuildPhase section */
		3F38E93D2A7C8C2600DEE602 /* Resources */ = {
			isa = PBXResourcesBuildPhase;
			buildActionMask = 2147483647;
			files = (
				3F38E94A2A7C8C2A00DEE602 /* Preview Assets.xcassets in Resources */,
				3F38E9472A7C8C2A00DEE602 /* Assets.xcassets in Resources */,
			);
			runOnlyForDeploymentPostprocessing = 0;
		};
		3F38E94D2A7C8C2B00DEE602 /* Resources */ = {
			isa = PBXResourcesBuildPhase;
			buildActionMask = 2147483647;
			files = (
			);
			runOnlyForDeploymentPostprocessing = 0;
		};
		3F38E9572A7C8C2B00DEE602 /* Resources */ = {
			isa = PBXResourcesBuildPhase;
			buildActionMask = 2147483647;
			files = (
			);
			runOnlyForDeploymentPostprocessing = 0;
		};
/* End PBXResourcesBuildPhase section */

/* Begin PBXSourcesBuildPhase section */
		3F38E93B2A7C8C2600DEE602 /* Sources */ = {
			isa = PBXSourcesBuildPhase;
			buildActionMask = 2147483647;
			files = (
				3F38E9452A7C8C2600DEE602 /* ContentView.swift in Sources */,
				3F38E9432A7C8C2600DEE602 /* Question_AppApp.swift in Sources */,
			);
			runOnlyForDeploymentPostprocessing = 0;
		};
		3F38E94B2A7C8C2B00DEE602 /* Sources */ = {
			isa = PBXSourcesBuildPhase;
			buildActionMask = 2147483647;
			files = (
				3F38E9542A7C8C2B00DEE602 /* Question_AppTests.swift in Sources */,
			);
			runOnlyForDeploymentPostprocessing = 0;
		};
		3F38E9552A7C8C2B00DEE602 /* Sources */ = {
			isa = PBXSourcesBuildPhase;
			buildActionMask = 2147483647;
			files = (
				3F38E9602A7C8C2B00DEE602 /* Question_AppUITestsLaunchTests.swift in Sources */,
				3F38E95E2A7C8C2B00DEE602 /* Question_AppUITests.swift in Sources */,
			);
			runOnlyForDeploymentPostprocessing = 0;
		};
/* End PBXSourcesBuildPhase section */

/* Begin PBXTargetDependency section */
		3F38E9512A7C8C2B00DEE602 /* PBXTargetDependency */ = {
			isa = PBXTargetDependency;
			target = 3F38E93E2A7C8C2600DEE602 /* Question App */;
			targetProxy = 3F38E9502A7C8C2B00DEE602 /* PBXContainerItemProxy */;
		};
		3F38E95B2A7C8C2B00DEE602 /* PBXTargetDependency */ = {
			isa = PBXTargetDependency;
			target = 3F38E93E2A7C8C2600DEE602 /* Question App */;
			targetProxy = 3F38E95A2A7C8C2B00DEE602 /* PBXContainerItemProxy */;
		};
/* End PBXTargetDependency section */

/* Begin XCBuildConfiguration section */
		3F38E9612A7C8C2B00DEE602 /* Debug */ = {
			isa = XCBuildConfiguration;
			buildSettings = {
				ALWAYS_SEARCH_USER_PATHS = NO;
				CLANG_ANALYZER_NONNULL = YES;
				CLANG_ANALYZER_NUMBER_OBJECT_CONVERSION = YES_AGGRESSIVE;
				CLANG_CXX_LANGUAGE_STANDARD = "gnu++20";
				CLANG_ENABLE_MODULES = YES;
				CLANG_ENABLE_OBJC_ARC = YES;
				CLANG_ENABLE_OBJC_WEAK = YES;
				CLANG_WARN_BLOCK_CAPTURE_AUTORELEASING = YES;
				CLANG_WARN_BOOL_CONVERSION = YES;
				CLANG_WARN_COMMA = YES;
				CLANG_WARN_CONSTANT_CONVERSION = YES;
				CLANG_WARN_DEPRECATED_OBJC_IMPLEMENTATIONS = YES;
				CLANG_WARN_DIRECT_OBJC_ISA_USAGE = YES_ERROR;
				CLANG_WARN_DOCUMENTATION_COMMENTS = YES;
				CLANG_WARN_EMPTY_BODY = YES;
				CLANG_WARN_ENUM_CONVERSION = YES;
				CLANG_WARN_INFINITE_RECURSION = YES;
				CLANG_WARN_INT_CONVERSION = YES;
				CLANG_WARN_NON_LITERAL_NULL_CONVERSION = YES;
				CLANG_WARN_OBJC_IMPLICIT_RETAIN_SELF = YES;
				CLANG_WARN_OBJC_LITERAL_CONVERSION = YES;
				CLANG_WARN_OBJC_ROOT_CLASS = YES_ERROR;
				CLANG_WARN_QUOTED_INCLUDE_IN_FRAMEWORK_HEADER = YES;
				CLANG_WARN_RANGE_LOOP_ANALYSIS = YES;
				CLANG_WARN_STRICT_PROTOTYPES = YES;
				CLANG_WARN_SUSPICIOUS_MOVE = YES;
				CLANG_WARN_UNGUARDED_AVAILABILITY = YES_AGGRESSIVE;
				CLANG_WARN_UNREACHABLE_CODE = YES;
				CLANG_WARN__DUPLICATE_METHOD_MATCH = YES;
				COPY_PHASE_STRIP = NO;
				DEBUG_INFORMATION_FORMAT = dwarf;
				ENABLE_STRICT_OBJC_MSGSEND = YES;
				ENABLE_TESTABILITY = YES;
				GCC_C_LANGUAGE_STANDARD = gnu11;
				GCC_DYNAMIC_NO_PIC = NO;
				GCC_NO_COMMON_BLOCKS = YES;
				GCC_OPTIMIZATION_LEVEL = 0;
				GCC_PREPROCESSOR_DEFINITIONS = (
					"DEBUG=1",
					"$(inherited)",
				);
				GCC_WARN_64_TO_32_BIT_CONVERSION = YES;
				GCC_WARN_ABOUT_RETURN_TYPE = YES_ERROR;
				GCC_WARN_UNDECLARED_SELECTOR = YES;
				GCC_WARN_UNINITIALIZED_AUTOS = YES_AGGRESSIVE;
				GCC_WARN_UNUSED_FUNCTION = YES;
				GCC_WARN_UNUSED_VARIABLE = YES;
				IPHONEOS_DEPLOYMENT_TARGET = 16.4;
				MTL_ENABLE_DEBUG_INFO = INCLUDE_SOURCE;
				MTL_FAST_MATH = YES;
				ONLY_ACTIVE_ARCH = YES;
				SDKROOT = iphoneos;
				SWIFT_ACTIVE_COMPILATION_CONDITIONS = DEBUG;
				SWIFT_OPTIMIZATION_LEVEL = "-Onone";
			};
			name = Debug;
		};
		3F38E9622A7C8C2B00DEE602 /* Release */ = {
			isa = XCBuildConfiguration;
			buildSettings = {
				ALWAYS_SEARCH_USER_PATHS = NO;
				CLANG_ANALYZER_NONNULL = YES;
				CLANG_ANALYZER_NUMBER_OBJECT_CONVERSION = YES_AGGRESSIVE;
				CLANG_CXX_LANGUAGE_STANDARD = "gnu++20";
				CLANG_ENABLE_MODULES = YES;
				CLANG_ENABLE_OBJC_ARC = YES;
				CLANG_ENABLE_OBJC_WEAK = YES;
				CLANG_WARN_BLOCK_CAPTURE_AUTORELEASING = YES;
				CLANG_WARN_BOOL_CONVERSION = YES;
				CLANG_WARN_COMMA = YES;
				CLANG_WARN_CONSTANT_CONVERSION = YES;
				CLANG_WARN_DEPRECATED_OBJC_IMPLEMENTATIONS = YES;
				CLANG_WARN_DIRECT_OBJC_ISA_USAGE = YES_ERROR;
				CLANG_WARN_DOCUMENTATION_COMMENTS = YES;
				CLANG_WARN_EMPTY_BODY = YES;
				CLANG_WARN_ENUM_CONVERSION = YES;
				CLANG_WARN_INFINITE_RECURSION = YES;
				CLANG_WARN_INT_CONVERSION = YES;
				CLANG_WARN_NON_LITERAL_NULL_CONVERSION = YES;
				CLANG_WARN_OBJC_IMPLICIT_RETAIN_SELF = YES;
				CLANG_WARN_OBJC_LITERAL_CONVERSION = YES;
				CLANG_WARN_OBJC_ROOT_CLASS = YES_ERROR;
				CLANG_WARN_QUOTED_INCLUDE_IN_FRAMEWORK_HEADER = YES;
				CLANG_WARN_RANGE_LOOP_ANALYSIS = YES;
				CLANG_WARN_STRICT_PROTOTYPES = YES;
				CLANG_WARN_SUSPICIOUS_MOVE = YES;
				CLANG_WARN_UNGUARDED_AVAILABILITY = YES_AGGRESSIVE;
				CLANG_WARN_UNREACHABLE_CODE = YES;
				CLANG_WARN__DUPLICATE_METHOD_MATCH = YES;
				COPY_PHASE_STRIP = NO;
				DEBUG_INFORMATION_FORMAT = "dwarf-with-dsym";
				ENABLE_NS_ASSERTIONS = NO;
				ENABLE_STRICT_OBJC_MSGSEND = YES;
				GCC_C_LANGUAGE_STANDARD = gnu11;
				GCC_NO_COMMON_BLOCKS = YES;
				GCC_WARN_64_TO_32_BIT_CONVERSION = YES;
				GCC_WARN_ABOUT_RETURN_TYPE = YES_ERROR;
				GCC_WARN_UNDECLARED_SELECTOR = YES;
				GCC_WARN_UNINITIALIZED_AUTOS = YES_AGGRESSIVE;
				GCC_WARN_UNUSED_FUNCTION = YES;
				GCC_WARN_UNUSED_VARIABLE = YES;
				IPHONEOS_DEPLOYMENT_TARGET = 16.4;
				MTL_ENABLE_DEBUG_INFO = NO;
				MTL_FAST_MATH = YES;
				SDKROOT = iphoneos;
				SWIFT_COMPILATION_MODE = wholemodule;
				SWIFT_OPTIMIZATION_LEVEL = "-O";
				VALIDATE_PRODUCT = YES;
			};
			name = Release;
		};
		3F38E9642A7C8C2B00DEE602 /* Debug */ = {
			isa = XCBuildConfiguration;
			buildSettings = {
				ASSETCATALOG_COMPILER_APPICON_NAME = AppIcon;
				ASSETCATALOG_COMPILER_GLOBAL_ACCENT_COLOR_NAME = AccentColor;
				CODE_SIGN_STYLE = Automatic;
				CURRENT_PROJECT_VERSION = 1;
				DEVELOPMENT_ASSET_PATHS = "\"Question App/Preview Content\"";
				ENABLE_PREVIEWS = YES;
				GENERATE_INFOPLIST_FILE = YES;
				INFOPLIST_KEY_UIApplicationSceneManifest_Generation = YES;
				INFOPLIST_KEY_UIApplicationSupportsIndirectInputEvents = YES;
				INFOPLIST_KEY_UILaunchScreen_Generation = YES;
				INFOPLIST_KEY_UISupportedInterfaceOrientations_iPad = "UIInterfaceOrientationPortrait UIInterfaceOrientationPortraitUpsideDown UIInterfaceOrientationLandscapeLeft UIInterfaceOrientationLandscapeRight";
				INFOPLIST_KEY_UISupportedInterfaceOrientations_iPhone = "UIInterfaceOrientationPortrait UIInterfaceOrientationLandscapeLeft UIInterfaceOrientationLandscapeRight";
				LD_RUNPATH_SEARCH_PATHS = (
					"$(inherited)",
					"@executable_path/Frameworks",
				);
				MARKETING_VERSION = 1.0;
				PRODUCT_BUNDLE_IDENTIFIER = "KWK.Question-App";
				PRODUCT_NAME = "$(TARGET_NAME)";
				SWIFT_EMIT_LOC_STRINGS = YES;
				SWIFT_VERSION = 5.0;
				TARGETED_DEVICE_FAMILY = "1,2";
			};
			name = Debug;
		};
		3F38E9652A7C8C2B00DEE602 /* Release */ = {
			isa = XCBuildConfiguration;
			buildSettings = {
				ASSETCATALOG_COMPILER_APPICON_NAME = AppIcon;
				ASSETCATALOG_COMPILER_GLOBAL_ACCENT_COLOR_NAME = AccentColor;
				CODE_SIGN_STYLE = Automatic;
				CURRENT_PROJECT_VERSION = 1;
				DEVELOPMENT_ASSET_PATHS = "\"Question App/Preview Content\"";
				ENABLE_PREVIEWS = YES;
				GENERATE_INFOPLIST_FILE = YES;
				INFOPLIST_KEY_UIApplicationSceneManifest_Generation = YES;
				INFOPLIST_KEY_UIApplicationSupportsIndirectInputEvents = YES;
				INFOPLIST_KEY_UILaunchScreen_Generation = YES;
				INFOPLIST_KEY_UISupportedInterfaceOrientations_iPad = "UIInterfaceOrientationPortrait UIInterfaceOrientationPortraitUpsideDown UIInterfaceOrientationLandscapeLeft UIInterfaceOrientationLandscapeRight";
				INFOPLIST_KEY_UISupportedInterfaceOrientations_iPhone = "UIInterfaceOrientationPortrait UIInterfaceOrientationLandscapeLeft UIInterfaceOrientationLandscapeRight";
				LD_RUNPATH_SEARCH_PATHS = (
					"$(inherited)",
					"@executable_path/Frameworks",
				);
				MARKETING_VERSION = 1.0;
				PRODUCT_BUNDLE_IDENTIFIER = "KWK.Question-App";
				PRODUCT_NAME = "$(TARGET_NAME)";
				SWIFT_EMIT_LOC_STRINGS = YES;
				SWIFT_VERSION = 5.0;
				TARGETED_DEVICE_FAMILY = "1,2";
			};
			name = Release;
		};
		3F38E9672A7C8C2B00DEE602 /* Debug */ = {
			isa = XCBuildConfiguration;
			buildSettings = {
				ALWAYS_EMBED_SWIFT_STANDARD_LIBRARIES = YES;
				BUNDLE_LOADER = "$(TEST_HOST)";
				CODE_SIGN_STYLE = Automatic;
				CURRENT_PROJECT_VERSION = 1;
				GENERATE_INFOPLIST_FILE = YES;
				IPHONEOS_DEPLOYMENT_TARGET = 16.4;
				MARKETING_VERSION = 1.0;
				PRODUCT_BUNDLE_IDENTIFIER = "KWK.Question-AppTests";
				PRODUCT_NAME = "$(TARGET_NAME)";
				SWIFT_EMIT_LOC_STRINGS = NO;
				SWIFT_VERSION = 5.0;
				TARGETED_DEVICE_FAMILY = "1,2";
				TEST_HOST = "$(BUILT_PRODUCTS_DIR)/Question App.app/$(BUNDLE_EXECUTABLE_FOLDER_PATH)/Question App";
			};
			name = Debug;
		};
		3F38E9682A7C8C2B00DEE602 /* Release */ = {
			isa = XCBuildConfiguration;
			buildSettings = {
				ALWAYS_EMBED_SWIFT_STANDARD_LIBRARIES = YES;
				BUNDLE_LOADER = "$(TEST_HOST)";
				CODE_SIGN_STYLE = Automatic;
				CURRENT_PROJECT_VERSION = 1;
				GENERATE_INFOPLIST_FILE = YES;
				IPHONEOS_DEPLOYMENT_TARGET = 16.4;
				MARKETING_VERSION = 1.0;
				PRODUCT_BUNDLE_IDENTIFIER = "KWK.Question-AppTests";
				PRODUCT_NAME = "$(TARGET_NAME)";
				SWIFT_EMIT_LOC_STRINGS = NO;
				SWIFT_VERSION = 5.0;
				TARGETED_DEVICE_FAMILY = "1,2";
				TEST_HOST = "$(BUILT_PRODUCTS_DIR)/Question App.app/$(BUNDLE_EXECUTABLE_FOLDER_PATH)/Question App";
			};
			name = Release;
		};
		3F38E96A2A7C8C2B00DEE602 /* Debug */ = {
			isa = XCBuildConfiguration;
			buildSettings = {
				ALWAYS_EMBED_SWIFT_STANDARD_LIBRARIES = YES;
				CODE_SIGN_STYLE = Automatic;
				CURRENT_PROJECT_VERSION = 1;
				GENERATE_INFOPLIST_FILE = YES;
				MARKETING_VERSION = 1.0;
				PRODUCT_BUNDLE_IDENTIFIER = "KWK.Question-AppUITests";
				PRODUCT_NAME = "$(TARGET_NAME)";
				SWIFT_EMIT_LOC_STRINGS = NO;
				SWIFT_VERSION = 5.0;
				TARGETED_DEVICE_FAMILY = "1,2";
				TEST_TARGET_NAME = "Question App";
			};
			name = Debug;
		};
		3F38E96B2A7C8C2B00DEE602 /* Release */ = {
			isa = XCBuildConfiguration;
			buildSettings = {
				ALWAYS_EMBED_SWIFT_STANDARD_LIBRARIES = YES;
				CODE_SIGN_STYLE = Automatic;
				CURRENT_PROJECT_VERSION = 1;
				GENERATE_INFOPLIST_FILE = YES;
				MARKETING_VERSION = 1.0;
				PRODUCT_BUNDLE_IDENTIFIER = "KWK.Question-AppUITests";
				PRODUCT_NAME = "$(TARGET_NAME)";
				SWIFT_EMIT_LOC_STRINGS = NO;
				SWIFT_VERSION = 5.0;
				TARGETED_DEVICE_FAMILY = "1,2";
				TEST_TARGET_NAME = "Question App";
			};
			name = Release;
		};
/* End XCBuildConfiguration section */

/* Begin XCConfigurationList section */
		3F38E93A2A7C8C2600DEE602 /* Build configuration list for PBXProject "Question App" */ = {
			isa = XCConfigurationList;
			buildConfigurations = (
				3F38E9612A7C8C2B00DEE602 /* Debug */,
				3F38E9622A7C8C2B00DEE602 /* Release */,
			);
			defaultConfigurationIsVisible = 0;
			defaultConfigurationName = Release;
		};
		3F38E9632A7C8C2B00DEE602 /* Build configuration list for PBXNativeTarget "Question App" */ = {
			isa = XCConfigurationList;
			buildConfigurations = (
				3F38E9642A7C8C2B00DEE602 /* Debug */,
				3F38E9652A7C8C2B00DEE602 /* Release */,
			);
			defaultConfigurationIsVisible = 0;
			defaultConfigurationName = Release;
		};
		3F38E9662A7C8C2B00DEE602 /* Build configuration list for PBXNativeTarget "Question AppTests" */ = {
			isa = XCConfigurationList;
			buildConfigurations = (
				3F38E9672A7C8C2B00DEE602 /* Debug */,
				3F38E9682A7C8C2B00DEE602 /* Release */,
			);
			defaultConfigurationIsVisible = 0;
			defaultConfigurationName = Release;
		};
		3F38E9692A7C8C2B00DEE602 /* Build configuration list for PBXNativeTarget "Question AppUITests" */ = {
			isa = XCConfigurationList;
			buildConfigurations = (
				3F38E96A2A7C8C2B00DEE602 /* Debug */,
				3F38E96B2A7C8C2B00DEE602 /* Release */,
			);
			defaultConfigurationIsVisible = 0;
			defaultConfigurationName = Release;
		};
/* End XCConfigurationList section */
	};
	rootObject = 3F38E9372A7C8C2600DEE602 /* Project object */;
}
